PODS:
  - iOSPubSub (0.1.0):
    - SwiftProtobuf (~> 1.9.0)
  - SwiftProtobuf (1.9.0)

DEPENDENCIES:
  - iOSPubSub (from `https://github.com/psmjazz/NativePubSub-iOS.git`, tag `0.1.0`)

SPEC REPOS:
  trunk:
    - SwiftProtobuf

EXTERNAL SOURCES:
  iOSPubSub:
    :git: https://github.com/psmjazz/NativePubSub-iOS.git
    :tag: 0.1.0

CHECKOUT OPTIONS:
  iOSPubSub:
    :git: https://github.com/psmjazz/NativePubSub-iOS.git
    :tag: 0.1.0

SPEC CHECKSUMS:
  iOSPubSub: b01c1b93048989b4e8471713feda97e74636722f
  SwiftProtobuf: ecbec1be9036d15655f6b3443a1c4ea693c97932

PODFILE CHECKSUM: 8db801a07013ce2f5911cc3ab3128e18a6ba266b

COCOAPODS: 1.15.2
